
Microsoft Visual Studio Solution File, Format Version 12.00
# Visual Studio Version 16
VisualStudioVersion = 16.0.30002.166
MinimumVisualStudioVersion = 10.0.40219.1
Project("{888888A0-9F3D-457C-B088-3A5042F75D52}") = "egzaminpy", "egzaminpy\egzaminpy.pyproj", "{550644A7-4D1F-4479-8E7D-9396B689CE7D}"
EndProject
Global
	GlobalSection(SolutionConfigurationPlatforms) = preSolution
		Debug|Any CPU = Debug|Any CPU
		Release|Any CPU = Release|Any CPU
	EndGlobalSection
	GlobalSection(ProjectConfigurationPlatforms) = postSolution
		{550644A7-4D1F-4479-8E7D-9396B689CE7D}.Debug|Any CPU.ActiveCfg = Debug|Any CPU
		{550644A7-4D1F-4479-8E7D-9396B689CE7D}.Release|Any CPU.ActiveCfg = Release|Any CPU
	EndGlobalSection
	GlobalSection(SolutionProperties) = preSolution
		HideSolutionNode = FALSE
	EndGlobalSection
	GlobalSection(ExtensibilityGlobals) = postSolution
		SolutionGuid = {A6C45ED0-5FBF-46B5-983E-14EE069220C9}
	EndGlobalSection
EndGlobal
